
Microsoft Visual Studio Solution File, Format Version 12.00
# Visual Studio Version 17
VisualStudioVersion = 17.7.34018.315
MinimumVisualStudioVersion = 10.0.40219.1
Project("{FAE04EC0-301F-11D3-BF4B-00C04F79EFBC}") = "WebApi", "WebApi\WebApi.csproj", "{AB9D71E5-1930-4AF0-AA52-021B7B608447}"
EndProject
Global
	GlobalSection(SolutionConfigurationPlatforms) = preSolution
		Debug|Any CPU = Debug|Any CPU
		Release|Any CPU = Release|Any CPU
	EndGlobalSection
	GlobalSection(ProjectConfigurationPlatforms) = postSolution
		{AB9D71E5-1930-4AF0-AA52-021B7B608447}.Debug|Any CPU.ActiveCfg = Debug|Any CPU
		{AB9D71E5-1930-4AF0-AA52-021B7B608447}.Debug|Any CPU.Build.0 = Debug|Any CPU
		{AB9D71E5-1930-4AF0-AA52-021B7B608447}.Release|Any CPU.ActiveCfg = Release|Any CPU
		{AB9D71E5-1930-4AF0-AA52-021B7B608447}.Release|Any CPU.Build.0 = Release|Any CPU
	EndGlobalSection
	GlobalSection(SolutionProperties) = preSolution
		HideSolutionNode = FALSE
	EndGlobalSection
	GlobalSection(ExtensibilityGlobals) = postSolution
		SolutionGuid = {6410D400-EC9F-47A7-82DC-72E45EF1EE2C}
	EndGlobalSection
EndGlobal
